
Microsoft Visual Studio Solution File, Format Version 12.00
# Visual Studio Version 17
VisualStudioVersion = 17.9.34723.18
MinimumVisualStudioVersion = 10.0.40219.1
Project("{FAE04EC0-301F-11D3-BF4B-00C04F79EFBC}") = "PractosFive", "PractosFive\PractosFive.csproj", "{47D493D5-BB27-4C9A-9651-03FB78F695CF}"
EndProject
Global
	GlobalSection(SolutionConfigurationPlatforms) = preSolution
		Debug|Any CPU = Debug|Any CPU
		Release|Any CPU = Release|Any CPU
	EndGlobalSection
	GlobalSection(ProjectConfigurationPlatforms) = postSolution
		{47D493D5-BB27-4C9A-9651-03FB78F695CF}.Debug|Any CPU.ActiveCfg = Debug|Any CPU
		{47D493D5-BB27-4C9A-9651-03FB78F695CF}.Debug|Any CPU.Build.0 = Debug|Any CPU
		{47D493D5-BB27-4C9A-9651-03FB78F695CF}.Release|Any CPU.ActiveCfg = Release|Any CPU
		{47D493D5-BB27-4C9A-9651-03FB78F695CF}.Release|Any CPU.Build.0 = Release|Any CPU
	EndGlobalSection
	GlobalSection(SolutionProperties) = preSolution
		HideSolutionNode = FALSE
	EndGlobalSection
	GlobalSection(ExtensibilityGlobals) = postSolution
		SolutionGuid = {5B610254-02B3-4BA8-BC4F-FB4776CAAED7}
	EndGlobalSection
EndGlobal
